
Microsoft Visual Studio Solution File, Format Version 12.00
# Visual Studio Version 16
VisualStudioVersion = 16.0.29215.179
MinimumVisualStudioVersion = 10.0.40219.1
Project("{FAE04EC0-301F-11D3-BF4B-00C04F79EFBC}") = "ExamenFinalParcialProgra", "ExamenFinalParcialProgra\ExamenFinalParcialProgra.csproj", "{3122F6B7-06DF-4C40-AADD-4EB24F59772E}"
EndProject
Global
	GlobalSection(SolutionConfigurationPlatforms) = preSolution
		Debug|Any CPU = Debug|Any CPU
		Release|Any CPU = Release|Any CPU
	EndGlobalSection
	GlobalSection(ProjectConfigurationPlatforms) = postSolution
		{3122F6B7-06DF-4C40-AADD-4EB24F59772E}.Debug|Any CPU.ActiveCfg = Debug|Any CPU
		{3122F6B7-06DF-4C40-AADD-4EB24F59772E}.Debug|Any CPU.Build.0 = Debug|Any CPU
		{3122F6B7-06DF-4C40-AADD-4EB24F59772E}.Release|Any CPU.ActiveCfg = Release|Any CPU
		{3122F6B7-06DF-4C40-AADD-4EB24F59772E}.Release|Any CPU.Build.0 = Release|Any CPU
	EndGlobalSection
	GlobalSection(SolutionProperties) = preSolution
		HideSolutionNode = FALSE
	EndGlobalSection
	GlobalSection(ExtensibilityGlobals) = postSolution
		SolutionGuid = {5B468D5F-F19D-4D2E-9D23-8D6DFD612808}
	EndGlobalSection
EndGlobal
